// !$*UTF8*$!
{
	archiveVersion = 1;
	classes = {
	};
	objectVersion = 51;
	objects = {

/* Begin PBXBuildFile section */
		4C19B6CB24DD1ADF0003CB28 /* AppDelegate.swift in Sources */ = {isa = PBXBuildFile; fileRef = 4C19B6CA24DD1ADF0003CB28 /* AppDelegate.swift */; };
		4C19B6CD24DD1ADF0003CB28 /* SceneDelegate.swift in Sources */ = {isa = PBXBuildFile; fileRef = 4C19B6CC24DD1ADF0003CB28 /* SceneDelegate.swift */; };
		4C19B6CF24DD1ADF0003CB28 /* SearchViewController.swift in Sources */ = {isa = PBXBuildFile; fileRef = 4C19B6CE24DD1ADF0003CB28 /* SearchViewController.swift */; };
		4C19B6D224DD1ADF0003CB28 /* Main.storyboard in Resources */ = {isa = PBXBuildFile; fileRef = 4C19B6D024DD1ADF0003CB28 /* Main.storyboard */; };
		4C19B6D724DD1AE20003CB28 /* LaunchScreen.storyboard in Resources */ = {isa = PBXBuildFile; fileRef = 4C19B6D524DD1AE20003CB28 /* LaunchScreen.storyboard */; };
		4C19B6E024DD1DE00003CB28 /* Category.swift in Sources */ = {isa = PBXBuildFile; fileRef = 4C19B6DF24DD1DE00003CB28 /* Category.swift */; };
		4C19B70B24DD55B70003CB28 /* Assets.xcassets in Resources */ = {isa = PBXBuildFile; fileRef = 4C19B70A24DD55B70003CB28 /* Assets.xcassets */; };
		4C19B70F24DD92360003CB28 /* RequestHeaderView.xib in Resources */ = {isa = PBXBuildFile; fileRef = 4C19B70E24DD92360003CB28 /* RequestHeaderView.xib */; };
		4C19B71324DD931E0003CB28 /* RequestHeaderView.swift in Sources */ = {isa = PBXBuildFile; fileRef = 4C19B71224DD931E0003CB28 /* RequestHeaderView.swift */; };
		7B57CBA5A00F62B91101960E /* Pods_Yummy.framework in Frameworks */ = {isa = PBXBuildFile; fileRef = 1D5695F885BE8CF15E7CB11F /* Pods_Yummy.framework */; };
		C1BBB63D24E66AD00022D60C /* MainViewController.swift in Sources */ = {isa = PBXBuildFile; fileRef = C1BBB63C24E66AD00022D60C /* MainViewController.swift */; };
		C1BBB64124E66EB00022D60C /* Inceptionv3.mlmodel in Sources */ = {isa = PBXBuildFile; fileRef = C1BBB64024E66EB00022D60C /* Inceptionv3.mlmodel */; };
		C1BBB64324E678330022D60C /* ImageViewController.swift in Sources */ = {isa = PBXBuildFile; fileRef = C1BBB64224E678330022D60C /* ImageViewController.swift */; };
/* End PBXBuildFile section */

/* Begin PBXFileReference section */
		1D5695F885BE8CF15E7CB11F /* Pods_Yummy.framework */ = {isa = PBXFileReference; explicitFileType = wrapper.framework; includeInIndex = 0; path = Pods_Yummy.framework; sourceTree = BUILT_PRODUCTS_DIR; };
		4C19B6C724DD1ADF0003CB28 /* Yummy.app */ = {isa = PBXFileReference; explicitFileType = wrapper.application; includeInIndex = 0; path = Yummy.app; sourceTree = BUILT_PRODUCTS_DIR; };
		4C19B6CA24DD1ADF0003CB28 /* AppDelegate.swift */ = {isa = PBXFileReference; lastKnownFileType = sourcecode.swift; path = AppDelegate.swift; sourceTree = "<group>"; };
		4C19B6CC24DD1ADF0003CB28 /* SceneDelegate.swift */ = {isa = PBXFileReference; lastKnownFileType = sourcecode.swift; path = SceneDelegate.swift; sourceTree = "<group>"; };
		4C19B6CE24DD1ADF0003CB28 /* SearchViewController.swift */ = {isa = PBXFileReference; lastKnownFileType = sourcecode.swift; path = SearchViewController.swift; sourceTree = "<group>"; };
		4C19B6D124DD1ADF0003CB28 /* Base */ = {isa = PBXFileReference; lastKnownFileType = file.storyboard; name = Base; path = Base.lproj/Main.storyboard; sourceTree = "<group>"; };
		4C19B6D624DD1AE20003CB28 /* Base */ = {isa = PBXFileReference; lastKnownFileType = file.storyboard; name = Base; path = Base.lproj/LaunchScreen.storyboard; sourceTree = "<group>"; };
		4C19B6D824DD1AE20003CB28 /* Info.plist */ = {isa = PBXFileReference; lastKnownFileType = text.plist.xml; name = Info.plist; path = Yummy/SupportingFiles/Info.plist; sourceTree = SOURCE_ROOT; };
		4C19B6DF24DD1DE00003CB28 /* Category.swift */ = {isa = PBXFileReference; lastKnownFileType = sourcecode.swift; path = Category.swift; sourceTree = "<group>"; };
		4C19B70A24DD55B70003CB28 /* Assets.xcassets */ = {isa = PBXFileReference; lastKnownFileType = folder.assetcatalog; path = Assets.xcassets; sourceTree = "<group>"; };
		4C19B70E24DD92360003CB28 /* RequestHeaderView.xib */ = {isa = PBXFileReference; lastKnownFileType = file.xib; path = RequestHeaderView.xib; sourceTree = "<group>"; };
		4C19B71224DD931E0003CB28 /* RequestHeaderView.swift */ = {isa = PBXFileReference; lastKnownFileType = sourcecode.swift; path = RequestHeaderView.swift; sourceTree = "<group>"; };
		4E39F0BE249A982EC9214298 /* Pods-Yummy.release.xcconfig */ = {isa = PBXFileReference; includeInIndex = 1; lastKnownFileType = text.xcconfig; name = "Pods-Yummy.release.xcconfig"; path = "Target Support Files/Pods-Yummy/Pods-Yummy.release.xcconfig"; sourceTree = "<group>"; };
		C1BBB63C24E66AD00022D60C /* MainViewController.swift */ = {isa = PBXFileReference; lastKnownFileType = sourcecode.swift; path = MainViewController.swift; sourceTree = "<group>"; };
		C1BBB64024E66EB00022D60C /* Inceptionv3.mlmodel */ = {isa = PBXFileReference; lastKnownFileType = file.mlmodel; name = Inceptionv3.mlmodel; path = ../../../../../../Downloads/Inceptionv3.mlmodel; sourceTree = "<group>"; };
		C1BBB64224E678330022D60C /* ImageViewController.swift */ = {isa = PBXFileReference; lastKnownFileType = sourcecode.swift; path = ImageViewController.swift; sourceTree = "<group>"; };
		E43EBE8C111766A2D20A4741 /* Pods-Yummy.debug.xcconfig */ = {isa = PBXFileReference; includeInIndex = 1; lastKnownFileType = text.xcconfig; name = "Pods-Yummy.debug.xcconfig"; path = "Target Support Files/Pods-Yummy/Pods-Yummy.debug.xcconfig"; sourceTree = "<group>"; };
/* End PBXFileReference section */

/* Begin PBXFrameworksBuildPhase section */
		4C19B6C424DD1ADF0003CB28 /* Frameworks */ = {
			isa = PBXFrameworksBuildPhase;
			buildActionMask = 2147483647;
			files = (
				7B57CBA5A00F62B91101960E /* Pods_Yummy.framework in Frameworks */,
			);
			runOnlyForDeploymentPostprocessing = 0;
		};
/* End PBXFrameworksBuildPhase section */

/* Begin PBXGroup section */
		4C19B6BE24DD1ADF0003CB28 = {
			isa = PBXGroup;
			children = (
				4C19B6C924DD1ADF0003CB28 /* Yummy */,
				4C19B6C824DD1ADF0003CB28 /* Products */,
				E7E9173432EC92E08EDC22EE /* Pods */,
				72747F7FA80E0EA3A6BB3449 /* Frameworks */,
			);
			sourceTree = "<group>";
		};
		4C19B6C824DD1ADF0003CB28 /* Products */ = {
			isa = PBXGroup;
			children = (
				4C19B6C724DD1ADF0003CB28 /* Yummy.app */,
			);
			name = Products;
			sourceTree = "<group>";
		};
		4C19B6C924DD1ADF0003CB28 /* Yummy */ = {
			isa = PBXGroup;
			children = (
				4C19B70824DD54B50003CB28 /* SupportingFiles */,
				4C19B70724DD54AB0003CB28 /* Sources */,
			);
			path = Yummy;
			sourceTree = "<group>";
		};
		4C19B6DE24DD1DD20003CB28 /* Models */ = {
			isa = PBXGroup;
			children = (
				4C19B6DF24DD1DE00003CB28 /* Category.swift */,
			);
			path = Models;
			sourceTree = "<group>";
		};
		4C19B70424DD54850003CB28 /* ViewControllers */ = {
			isa = PBXGroup;
			children = (
				C1BBB64224E678330022D60C /* ImageViewController.swift */,
				C1BBB64024E66EB00022D60C /* Inceptionv3.mlmodel */,
				4C19B6CE24DD1ADF0003CB28 /* SearchViewController.swift */,
				C1BBB63C24E66AD00022D60C /* MainViewController.swift */,
			);
			path = ViewControllers;
			sourceTree = "<group>";
		};
		4C19B70524DD54950003CB28 /* Views */ = {
			isa = PBXGroup;
			children = (
				4C19B6D024DD1ADF0003CB28 /* Main.storyboard */,
				4C19B70E24DD92360003CB28 /* RequestHeaderView.xib */,
				4C19B71224DD931E0003CB28 /* RequestHeaderView.swift */,
			);
			path = Views;
			sourceTree = "<group>";
		};
		4C19B70624DD549D0003CB28 /* Entry */ = {
			isa = PBXGroup;
			children = (
				4C19B6CA24DD1ADF0003CB28 /* AppDelegate.swift */,
				4C19B6CC24DD1ADF0003CB28 /* SceneDelegate.swift */,
				4C19B6D524DD1AE20003CB28 /* LaunchScreen.storyboard */,
			);
			path = Entry;
			sourceTree = "<group>";
		};
		4C19B70724DD54AB0003CB28 /* Sources */ = {
			isa = PBXGroup;
			children = (
				4C19B70624DD549D0003CB28 /* Entry */,
				4C19B6DE24DD1DD20003CB28 /* Models */,
				4C19B70524DD54950003CB28 /* Views */,
				4C19B70424DD54850003CB28 /* ViewControllers */,
			);
			path = Sources;
			sourceTree = "<group>";
		};
		4C19B70824DD54B50003CB28 /* SupportingFiles */ = {
			isa = PBXGroup;
			children = (
				4C19B70A24DD55B70003CB28 /* Assets.xcassets */,
				4C19B6D824DD1AE20003CB28 /* Info.plist */,
			);
			path = SupportingFiles;
			sourceTree = "<group>";
		};
		72747F7FA80E0EA3A6BB3449 /* Frameworks */ = {
			isa = PBXGroup;
			children = (
				1D5695F885BE8CF15E7CB11F /* Pods_Yummy.framework */,
			);
			name = Frameworks;
			sourceTree = "<group>";
		};
		E7E9173432EC92E08EDC22EE /* Pods */ = {
			isa = PBXGroup;
			children = (
				E43EBE8C111766A2D20A4741 /* Pods-Yummy.debug.xcconfig */,
				4E39F0BE249A982EC9214298 /* Pods-Yummy.release.xcconfig */,
			);
			path = Pods;
			sourceTree = "<group>";
		};
/* End PBXGroup section */

/* Begin PBXNativeTarget section */
		4C19B6C624DD1ADF0003CB28 /* Yummy */ = {
			isa = PBXNativeTarget;
			buildConfigurationList = 4C19B6DB24DD1AE20003CB28 /* Build configuration list for PBXNativeTarget "Yummy" */;
			buildPhases = (
				E89B25A01608ED23B5A0749D /* [CP] Check Pods Manifest.lock */,
				4C19B6C324DD1ADF0003CB28 /* Sources */,
				4C19B6C424DD1ADF0003CB28 /* Frameworks */,
				4C19B6C524DD1ADF0003CB28 /* Resources */,
				A5D38D2D080151656D22C432 /* [CP] Embed Pods Frameworks */,
			);
			buildRules = (
			);
			dependencies = (
			);
			name = Yummy;
			productName = Yummy;
			productReference = 4C19B6C724DD1ADF0003CB28 /* Yummy.app */;
			productType = "com.apple.product-type.application";
		};
/* End PBXNativeTarget section */

/* Begin PBXProject section */
		4C19B6BF24DD1ADF0003CB28 /* Project object */ = {
			isa = PBXProject;
			attributes = {
				LastSwiftUpdateCheck = 1160;
				LastUpgradeCheck = 1160;
				ORGANIZATIONNAME = woong;
				TargetAttributes = {
					4C19B6C624DD1ADF0003CB28 = {
						CreatedOnToolsVersion = 11.6;
					};
				};
			};
			buildConfigurationList = 4C19B6C224DD1ADF0003CB28 /* Build configuration list for PBXProject "Yummy" */;
			compatibilityVersion = "Xcode 9.3";
			developmentRegion = en;
			hasScannedForEncodings = 0;
			knownRegions = (
				en,
				Base,
			);
			mainGroup = 4C19B6BE24DD1ADF0003CB28;
			productRefGroup = 4C19B6C824DD1ADF0003CB28 /* Products */;
			projectDirPath = "";
			projectRoot = "";
			targets = (
				4C19B6C624DD1ADF0003CB28 /* Yummy */,
			);
		};
/* End PBXProject section */

/* Begin PBXResourcesBuildPhase section */
		4C19B6C524DD1ADF0003CB28 /* Resources */ = {
			isa = PBXResourcesBuildPhase;
			buildActionMask = 2147483647;
			files = (
				4C19B6D724DD1AE20003CB28 /* LaunchScreen.storyboard in Resources */,
				4C19B6D224DD1ADF0003CB28 /* Main.storyboard in Resources */,
				4C19B70B24DD55B70003CB28 /* Assets.xcassets in Resources */,
				4C19B70F24DD92360003CB28 /* RequestHeaderView.xib in Resources */,
			);
			runOnlyForDeploymentPostprocessing = 0;
		};
/* End PBXResourcesBuildPhase section */

/* Begin PBXShellScriptBuildPhase section */
		A5D38D2D080151656D22C432 /* [CP] Embed Pods Frameworks */ = {
			isa = PBXShellScriptBuildPhase;
			buildActionMask = 2147483647;
			files = (
			);
			inputFileListPaths = (
				"${PODS_ROOT}/Target Support Files/Pods-Yummy/Pods-Yummy-frameworks-${CONFIGURATION}-input-files.xcfilelist",
			);
			name = "[CP] Embed Pods Frameworks";
			outputFileListPaths = (
				"${PODS_ROOT}/Target Support Files/Pods-Yummy/Pods-Yummy-frameworks-${CONFIGURATION}-output-files.xcfilelist",
			);
			runOnlyForDeploymentPostprocessing = 0;
			shellPath = /bin/sh;
			shellScript = "\"${PODS_ROOT}/Target Support Files/Pods-Yummy/Pods-Yummy-frameworks.sh\"\n";
			showEnvVarsInLog = 0;
		};
		E89B25A01608ED23B5A0749D /* [CP] Check Pods Manifest.lock */ = {
			isa = PBXShellScriptBuildPhase;
			buildActionMask = 2147483647;
			files = (
			);
			inputFileListPaths = (
			);
			inputPaths = (
				"${PODS_PODFILE_DIR_PATH}/Podfile.lock",
				"${PODS_ROOT}/Manifest.lock",
			);
			name = "[CP] Check Pods Manifest.lock";
			outputFileListPaths = (
			);
			outputPaths = (
				"$(DERIVED_FILE_DIR)/Pods-Yummy-checkManifestLockResult.txt",
			);
			runOnlyForDeploymentPostprocessing = 0;
			shellPath = /bin/sh;
			shellScript = "diff \"${PODS_PODFILE_DIR_PATH}/Podfile.lock\" \"${PODS_ROOT}/Manifest.lock\" > /dev/null\nif [ $? != 0 ] ; then\n    # print error to STDERR\n    echo \"error: The sandbox is not in sync with the Podfile.lock. Run 'pod install' or update your CocoaPods installation.\" >&2\n    exit 1\nfi\n# This output is used by Xcode 'outputs' to avoid re-running this script phase.\necho \"SUCCESS\" > \"${SCRIPT_OUTPUT_FILE_0}\"\n";
			showEnvVarsInLog = 0;
		};
/* End PBXShellScriptBuildPhase section */

/* Begin PBXSourcesBuildPhase section */
		4C19B6C324DD1ADF0003CB28 /* Sources */ = {
			isa = PBXSourcesBuildPhase;
			buildActionMask = 2147483647;
			files = (
				4C19B6CF24DD1ADF0003CB28 /* SearchViewController.swift in Sources */,
				C1BBB64324E678330022D60C /* ImageViewController.swift in Sources */,
				4C19B6CB24DD1ADF0003CB28 /* AppDelegate.swift in Sources */,
				4C19B6CD24DD1ADF0003CB28 /* SceneDelegate.swift in Sources */,
				C1BBB63D24E66AD00022D60C /* MainViewController.swift in Sources */,
				C1BBB64124E66EB00022D60C /* Inceptionv3.mlmodel in Sources */,
				4C19B71324DD931E0003CB28 /* RequestHeaderView.swift in Sources */,
				4C19B6E024DD1DE00003CB28 /* Category.swift in Sources */,
			);
			runOnlyForDeploymentPostprocessing = 0;
		};
/* End PBXSourcesBuildPhase section */

/* Begin PBXVariantGroup section */
		4C19B6D024DD1ADF0003CB28 /* Main.storyboard */ = {
			isa = PBXVariantGroup;
			children = (
				4C19B6D124DD1ADF0003CB28 /* Base */,
			);
			name = Main.storyboard;
			sourceTree = "<group>";
		};
		4C19B6D524DD1AE20003CB28 /* LaunchScreen.storyboard */ = {
			isa = PBXVariantGroup;
			children = (
				4C19B6D624DD1AE20003CB28 /* Base */,
			);
			name = LaunchScreen.storyboard;
			sourceTree = "<group>";
		};
/* End PBXVariantGroup section */

/* Begin XCBuildConfiguration section */
		4C19B6D924DD1AE20003CB28 /* Debug */ = {
			isa = XCBuildConfiguration;
			buildSettings = {
				ALWAYS_SEARCH_USER_PATHS = NO;
				CLANG_ANALYZER_NONNULL = YES;
				CLANG_ANALYZER_NUMBER_OBJECT_CONVERSION = YES_AGGRESSIVE;
				CLANG_CXX_LANGUAGE_STANDARD = "gnu++14";
				CLANG_CXX_LIBRARY = "libc++";
				CLANG_ENABLE_MODULES = YES;
				CLANG_ENABLE_OBJC_ARC = YES;
				CLANG_ENABLE_OBJC_WEAK = YES;
				CLANG_WARN_BLOCK_CAPTURE_AUTORELEASING = YES;
				CLANG_WARN_BOOL_CONVERSION = YES;
				CLANG_WARN_COMMA = YES;
				CLANG_WARN_CONSTANT_CONVERSION = YES;
				CLANG_WARN_DEPRECATED_OBJC_IMPLEMENTATIONS = YES;
				CLANG_WARN_DIRECT_OBJC_ISA_USAGE = YES_ERROR;
				CLANG_WARN_DOCUMENTATION_COMMENTS = YES;
				CLANG_WARN_EMPTY_BODY = YES;
				CLANG_WARN_ENUM_CONVERSION = YES;
				CLANG_WARN_INFINITE_RECURSION = YES;
				CLANG_WARN_INT_CONVERSION = YES;
				CLANG_WARN_NON_LITERAL_NULL_CONVERSION = YES;
				CLANG_WARN_OBJC_IMPLICIT_RETAIN_SELF = YES;
				CLANG_WARN_OBJC_LITERAL_CONVERSION = YES;
				CLANG_WARN_OBJC_ROOT_CLASS = YES_ERROR;
				CLANG_WARN_RANGE_LOOP_ANALYSIS = YES;
				CLANG_WARN_STRICT_PROTOTYPES = YES;
				CLANG_WARN_SUSPICIOUS_MOVE = YES;
				CLANG_WARN_UNGUARDED_AVAILABILITY = YES_AGGRESSIVE;
				CLANG_WARN_UNREACHABLE_CODE = YES;
				CLANG_WARN__DUPLICATE_METHOD_MATCH = YES;
				COPY_PHASE_STRIP = NO;
				DEBUG_INFORMATION_FORMAT = dwarf;
				ENABLE_STRICT_OBJC_MSGSEND = YES;
				ENABLE_TESTABILITY = YES;
				GCC_C_LANGUAGE_STANDARD = gnu11;
				GCC_DYNAMIC_NO_PIC = NO;
				GCC_NO_COMMON_BLOCKS = YES;
				GCC_OPTIMIZATION_LEVEL = 0;
				GCC_PREPROCESSOR_DEFINITIONS = (
					"DEBUG=1",
					"$(inherited)",
				);
				GCC_WARN_64_TO_32_BIT_CONVERSION = YES;
				GCC_WARN_ABOUT_RETURN_TYPE = YES_ERROR;
				GCC_WARN_UNDECLARED_SELECTOR = YES;
				GCC_WARN_UNINITIALIZED_AUTOS = YES_AGGRESSIVE;
				GCC_WARN_UNUSED_FUNCTION = YES;
				GCC_WARN_UNUSED_VARIABLE = YES;
				IPHONEOS_DEPLOYMENT_TARGET = 8.0;
				MTL_ENABLE_DEBUG_INFO = INCLUDE_SOURCE;
				MTL_FAST_MATH = YES;
				ONLY_ACTIVE_ARCH = YES;
				SDKROOT = iphoneos;
				SWIFT_ACTIVE_COMPILATION_CONDITIONS = DEBUG;
				SWIFT_OPTIMIZATION_LEVEL = "-Onone";
			};
			name = Debug;
		};
		4C19B6DA24DD1AE20003CB28 /* Release */ = {
			isa = XCBuildConfiguration;
			buildSettings = {
				ALWAYS_SEARCH_USER_PATHS = NO;
				CLANG_ANALYZER_NONNULL = YES;
				CLANG_ANALYZER_NUMBER_OBJECT_CONVERSION = YES_AGGRESSIVE;
				CLANG_CXX_LANGUAGE_STANDARD = "gnu++14";
				CLANG_CXX_LIBRARY = "libc++";
				CLANG_ENABLE_MODULES = YES;
				CLANG_ENABLE_OBJC_ARC = YES;
				CLANG_ENABLE_OBJC_WEAK = YES;
				CLANG_WARN_BLOCK_CAPTURE_AUTORELEASING = YES;
				CLANG_WARN_BOOL_CONVERSION = YES;
				CLANG_WARN_COMMA = YES;
				CLANG_WARN_CONSTANT_CONVERSION = YES;
				CLANG_WARN_DEPRECATED_OBJC_IMPLEMENTATIONS = YES;
				CLANG_WARN_DIRECT_OBJC_ISA_USAGE = YES_ERROR;
				CLANG_WARN_DOCUMENTATION_COMMENTS = YES;
				CLANG_WARN_EMPTY_BODY = YES;
				CLANG_WARN_ENUM_CONVERSION = YES;
				CLANG_WARN_INFINITE_RECURSION = YES;
				CLANG_WARN_INT_CONVERSION = YES;
				CLANG_WARN_NON_LITERAL_NULL_CONVERSION = YES;
				CLANG_WARN_OBJC_IMPLICIT_RETAIN_SELF = YES;
				CLANG_WARN_OBJC_LITERAL_CONVERSION = YES;
				CLANG_WARN_OBJC_ROOT_CLASS = YES_ERROR;
				CLANG_WARN_RANGE_LOOP_ANALYSIS = YES;
				CLANG_WARN_STRICT_PROTOTYPES = YES;
				CLANG_WARN_SUSPICIOUS_MOVE = YES;
				CLANG_WARN_UNGUARDED_AVAILABILITY = YES_AGGRESSIVE;
				CLANG_WARN_UNREACHABLE_CODE = YES;
				CLANG_WARN__DUPLICATE_METHOD_MATCH = YES;
				COPY_PHASE_STRIP = NO;
				DEBUG_INFORMATION_FORMAT = "dwarf-with-dsym";
				ENABLE_NS_ASSERTIONS = NO;
				ENABLE_STRICT_OBJC_MSGSEND = YES;
				GCC_C_LANGUAGE_STANDARD = gnu11;
				GCC_NO_COMMON_BLOCKS = YES;
				GCC_WARN_64_TO_32_BIT_CONVERSION = YES;
				GCC_WARN_ABOUT_RETURN_TYPE = YES_ERROR;
				GCC_WARN_UNDECLARED_SELECTOR = YES;
				GCC_WARN_UNINITIALIZED_AUTOS = YES_AGGRESSIVE;
				GCC_WARN_UNUSED_FUNCTION = YES;
				GCC_WARN_UNUSED_VARIABLE = YES;
				IPHONEOS_DEPLOYMENT_TARGET = 8.0;
				MTL_ENABLE_DEBUG_INFO = NO;
				MTL_FAST_MATH = YES;
				SDKROOT = iphoneos;
				SWIFT_COMPILATION_MODE = wholemodule;
				SWIFT_OPTIMIZATION_LEVEL = "-O";
				VALIDATE_PRODUCT = YES;
			};
			name = Release;
		};
		4C19B6DC24DD1AE20003CB28 /* Debug */ = {
			isa = XCBuildConfiguration;
			baseConfigurationReference = E43EBE8C111766A2D20A4741 /* Pods-Yummy.debug.xcconfig */;
			buildSettings = {
				ASSETCATALOG_COMPILER_APPICON_NAME = AppIcon;
				CODE_SIGN_STYLE = Automatic;
				INFOPLIST_FILE = Yummy/SupportingFiles/Info.plist;
				IPHONEOS_DEPLOYMENT_TARGET = 13.5;
				LD_RUNPATH_SEARCH_PATHS = (
					"$(inherited)",
					"@executable_path/Frameworks",
				);
				PRODUCT_BUNDLE_IDENTIFIER = com.woong.Yummy;
				PRODUCT_NAME = "$(TARGET_NAME)";
				SWIFT_VERSION = 5.0;
				TARGETED_DEVICE_FAMILY = "1,2";
			};
			name = Debug;
		};
		4C19B6DD24DD1AE20003CB28 /* Release */ = {
			isa = XCBuildConfiguration;
			baseConfigurationReference = 4E39F0BE249A982EC9214298 /* Pods-Yummy.release.xcconfig */;
			buildSettings = {
				ASSETCATALOG_COMPILER_APPICON_NAME = AppIcon;
				CODE_SIGN_STYLE = Automatic;
				INFOPLIST_FILE = Yummy/SupportingFiles/Info.plist;
				IPHONEOS_DEPLOYMENT_TARGET = 13.5;
				LD_RUNPATH_SEARCH_PATHS = (
					"$(inherited)",
					"@executable_path/Frameworks",
				);
				PRODUCT_BUNDLE_IDENTIFIER = com.woong.Yummy;
				PRODUCT_NAME = "$(TARGET_NAME)";
				SWIFT_VERSION = 5.0;
				TARGETED_DEVICE_FAMILY = "1,2";
			};
			name = Release;
		};
/* End XCBuildConfiguration section */

/* Begin XCConfigurationList section */
		4C19B6C224DD1ADF0003CB28 /* Build configuration list for PBXProject "Yummy" */ = {
			isa = XCConfigurationList;
			buildConfigurations = (
				4C19B6D924DD1AE20003CB28 /* Debug */,
				4C19B6DA24DD1AE20003CB28 /* Release */,
			);
			defaultConfigurationIsVisible = 0;
			defaultConfigurationName = Release;
		};
		4C19B6DB24DD1AE20003CB28 /* Build configuration list for PBXNativeTarget "Yummy" */ = {
			isa = XCConfigurationList;
			buildConfigurations = (
				4C19B6DC24DD1AE20003CB28 /* Debug */,
				4C19B6DD24DD1AE20003CB28 /* Release */,
			);
			defaultConfigurationIsVisible = 0;
			defaultConfigurationName = Release;
		};
/* End XCConfigurationList section */
	};
	rootObject = 4C19B6BF24DD1ADF0003CB28 /* Project object */;
}
